
Microsoft Visual Studio Solution File, Format Version 12.00
Project("{FAE04EC0-301F-11D3-BF4B-00C04F79EFBC}") = "MazeBuilderAPI", "MazeBuilderAPI\MazeBuilderAPI.csproj", "{CEEA7D17-71E6-49A1-8AC6-689F9A17EBD5}"
EndProject
Global
	GlobalSection(SolutionConfigurationPlatforms) = preSolution
		Debug|Any CPU = Debug|Any CPU
		Release|Any CPU = Release|Any CPU
	EndGlobalSection
	GlobalSection(ProjectConfigurationPlatforms) = postSolution
		{CEEA7D17-71E6-49A1-8AC6-689F9A17EBD5}.Debug|Any CPU.ActiveCfg = Debug|Any CPU
		{CEEA7D17-71E6-49A1-8AC6-689F9A17EBD5}.Debug|Any CPU.Build.0 = Debug|Any CPU
		{CEEA7D17-71E6-49A1-8AC6-689F9A17EBD5}.Release|Any CPU.ActiveCfg = Release|Any CPU
		{CEEA7D17-71E6-49A1-8AC6-689F9A17EBD5}.Release|Any CPU.Build.0 = Release|Any CPU
	EndGlobalSection
EndGlobal
